
Microsoft Visual Studio Solution File, Format Version 12.00
# Visual Studio Version 16
VisualStudioVersion = 16.0.31729.503
MinimumVisualStudioVersion = 10.0.40219.1
Project("{9A19103F-16F7-4668-BE54-9A1E7A4F7556}") = "AcceptanceTests", "AcceptanceTests.csproj", "{7C3FA2C8-DC49-4E1A-9CA8-AD7B4D32581B}"
EndProject
Global
	GlobalSection(SolutionConfigurationPlatforms) = preSolution
		Debug|Any CPU = Debug|Any CPU
		Release|Any CPU = Release|Any CPU
	EndGlobalSection
	GlobalSection(ProjectConfigurationPlatforms) = postSolution
		{7C3FA2C8-DC49-4E1A-9CA8-AD7B4D32581B}.Debug|Any CPU.ActiveCfg = Debug|Any CPU
		{7C3FA2C8-DC49-4E1A-9CA8-AD7B4D32581B}.Debug|Any CPU.Build.0 = Debug|Any CPU
		{7C3FA2C8-DC49-4E1A-9CA8-AD7B4D32581B}.Release|Any CPU.ActiveCfg = Release|Any CPU
		{7C3FA2C8-DC49-4E1A-9CA8-AD7B4D32581B}.Release|Any CPU.Build.0 = Release|Any CPU
	EndGlobalSection
	GlobalSection(SolutionProperties) = preSolution
		HideSolutionNode = FALSE
	EndGlobalSection
	GlobalSection(ExtensibilityGlobals) = postSolution
		SolutionGuid = {66B6EA62-8B8A-48FC-A5D3-ED9AF4A61641}
	EndGlobalSection
EndGlobal
